
Microsoft Visual Studio Solution File, Format Version 12.00
# Visual Studio Version 16
VisualStudioVersion = 16.0.31729.503
MinimumVisualStudioVersion = 10.0.40219.1
Project("{FAE04EC0-301F-11D3-BF4B-00C04F79EFBC}") = "MVC - Beginner", "MVC - Beginner\MVC - Beginner.csproj", "{1786793C-1BFD-4C23-ABDE-5AAA258891E1}"
EndProject
Project("{FAE04EC0-301F-11D3-BF4B-00C04F79EFBC}") = "MVC EF", "MVC EF\MVC EF.csproj", "{96726E85-6B9E-4B01-8260-D1F658BDDDFC}"
EndProject
Global
	GlobalSection(SolutionConfigurationPlatforms) = preSolution
		Debug|Any CPU = Debug|Any CPU
		Release|Any CPU = Release|Any CPU
	EndGlobalSection
	GlobalSection(ProjectConfigurationPlatforms) = postSolution
		{1786793C-1BFD-4C23-ABDE-5AAA258891E1}.Debug|Any CPU.ActiveCfg = Debug|Any CPU
		{1786793C-1BFD-4C23-ABDE-5AAA258891E1}.Debug|Any CPU.Build.0 = Debug|Any CPU
		{1786793C-1BFD-4C23-ABDE-5AAA258891E1}.Release|Any CPU.ActiveCfg = Release|Any CPU
		{1786793C-1BFD-4C23-ABDE-5AAA258891E1}.Release|Any CPU.Build.0 = Release|Any CPU
		{96726E85-6B9E-4B01-8260-D1F658BDDDFC}.Debug|Any CPU.ActiveCfg = Debug|Any CPU
		{96726E85-6B9E-4B01-8260-D1F658BDDDFC}.Debug|Any CPU.Build.0 = Debug|Any CPU
		{96726E85-6B9E-4B01-8260-D1F658BDDDFC}.Release|Any CPU.ActiveCfg = Release|Any CPU
		{96726E85-6B9E-4B01-8260-D1F658BDDDFC}.Release|Any CPU.Build.0 = Release|Any CPU
	EndGlobalSection
	GlobalSection(SolutionProperties) = preSolution
		HideSolutionNode = FALSE
	EndGlobalSection
	GlobalSection(ExtensibilityGlobals) = postSolution
		SolutionGuid = {9ADEA628-E1FD-408D-912F-A5A988E40B2E}
	EndGlobalSection
EndGlobal
